
Microsoft Visual Studio Solution File, Format Version 12.00
# Visual Studio Version 17
VisualStudioVersion = 17.0.31903.59
MinimumVisualStudioVersion = 10.0.40219.1
Project("{FAE04EC0-301F-11D3-BF4B-00C04F79EFBC}") = "DotNetPerformanceDelta.Console", "src\DotNetPerformanceDelta.Console\DotNetPerformanceDelta.Console.csproj", "{450ED1D5-37F3-41B7-A81C-AD13E21528B5}"
EndProject
Project("{FAE04EC0-301F-11D3-BF4B-00C04F79EFBC}") = "DotNetPerformanceDelta.Application", "src\DotNetPerformanceDelta.Application\DotNetPerformanceDelta.Application.csproj", "{5A7DA7A3-BAEE-45FD-8629-1EBF09CEB94A}"
EndProject
Global
	GlobalSection(SolutionConfigurationPlatforms) = preSolution
		Debug|Any CPU = Debug|Any CPU
		Release|Any CPU = Release|Any CPU
	EndGlobalSection
	GlobalSection(SolutionProperties) = preSolution
		HideSolutionNode = FALSE
	EndGlobalSection
	GlobalSection(ProjectConfigurationPlatforms) = postSolution
		{450ED1D5-37F3-41B7-A81C-AD13E21528B5}.Debug|Any CPU.ActiveCfg = Debug|Any CPU
		{450ED1D5-37F3-41B7-A81C-AD13E21528B5}.Debug|Any CPU.Build.0 = Debug|Any CPU
		{450ED1D5-37F3-41B7-A81C-AD13E21528B5}.Release|Any CPU.ActiveCfg = Release|Any CPU
		{450ED1D5-37F3-41B7-A81C-AD13E21528B5}.Release|Any CPU.Build.0 = Release|Any CPU
		{5A7DA7A3-BAEE-45FD-8629-1EBF09CEB94A}.Debug|Any CPU.ActiveCfg = Debug|Any CPU
		{5A7DA7A3-BAEE-45FD-8629-1EBF09CEB94A}.Debug|Any CPU.Build.0 = Debug|Any CPU
		{5A7DA7A3-BAEE-45FD-8629-1EBF09CEB94A}.Release|Any CPU.ActiveCfg = Release|Any CPU
		{5A7DA7A3-BAEE-45FD-8629-1EBF09CEB94A}.Release|Any CPU.Build.0 = Release|Any CPU
	EndGlobalSection
EndGlobal
